{
  "requires": true,
  "lockfileVersion": 1,
  "dependencies": {
    "gameanalytics": {
      "version": "4.0.4",
      "resolved": "https://registry.npmjs.org/gameanalytics/-/gameanalytics-4.0.4.tgz",
      "integrity": "sha512-5qXv9nNZ5mZyYTR4r8+33fCMiBOG1tXnpW7iPWG2zV5WUptASSPA1QNQFn2ysn+nZKJEzlSLdqR/P/wj+9tXzA=="
    }
  }
}
